
Microsoft Visual Studio Solution File, Format Version 12.00
# Visual Studio Version 17
VisualStudioVersion = 17.0.32014.148
MinimumVisualStudioVersion = 10.0.40219.1
Project("{FAE04EC0-301F-11D3-BF4B-00C04F79EFBC}") = "UrlShortner", "UrlShortner.csproj", "{1923BD9D-E9C1-4403-A943-7E6A8F2995FF}"
EndProject
Global
	GlobalSection(SolutionConfigurationPlatforms) = preSolution
		Debug|Any CPU = Debug|Any CPU
		Release|Any CPU = Release|Any CPU
	EndGlobalSection
	GlobalSection(ProjectConfigurationPlatforms) = postSolution
		{1923BD9D-E9C1-4403-A943-7E6A8F2995FF}.Debug|Any CPU.ActiveCfg = Debug|Any CPU
		{1923BD9D-E9C1-4403-A943-7E6A8F2995FF}.Debug|Any CPU.Build.0 = Debug|Any CPU
		{1923BD9D-E9C1-4403-A943-7E6A8F2995FF}.Release|Any CPU.ActiveCfg = Release|Any CPU
		{1923BD9D-E9C1-4403-A943-7E6A8F2995FF}.Release|Any CPU.Build.0 = Release|Any CPU
	EndGlobalSection
	GlobalSection(SolutionProperties) = preSolution
		HideSolutionNode = FALSE
	EndGlobalSection
	GlobalSection(ExtensibilityGlobals) = postSolution
		SolutionGuid = {2586BCB0-1752-401B-B1AF-1DF1E2994A04}
	EndGlobalSection
EndGlobal
